// !$*UTF8*$!
{
	archiveVersion = 1;
	classes = {
	};
	objectVersion = 46;
	objects = {

/* Begin PBXBuildFile section */
		276FDFF21AAF9D5F00FD3F2A /* ofxConnexion.cpp in Sources */ = {isa = PBXBuildFile; fileRef = 276FDFF01AAF9D5F00FD3F2A /* ofxConnexion.cpp */; };
		276FDFF41AAF9D9100FD3F2A /* 3DconnexionClient.framework in Frameworks */ = {isa = PBXBuildFile; fileRef = 276FDFF31AAF9D9100FD3F2A /* 3DconnexionClient.framework */; };
		276FE0081AAF9F1000FD3F2A /* ofxBaseGui.cpp in Sources */ = {isa = PBXBuildFile; fileRef = 276FDFF71AAF9F1000FD3F2A /* ofxBaseGui.cpp */; };
		276FE0091AAF9F1000FD3F2A /* ofxButton.cpp in Sources */ = {isa = PBXBuildFile; fileRef = 276FDFF91AAF9F1000FD3F2A /* ofxButton.cpp */; };
		276FE00A1AAF9F1000FD3F2A /* ofxGuiGroup.cpp in Sources */ = {isa = PBXBuildFile; fileRef = 276FDFFC1AAF9F1000FD3F2A /* ofxGuiGroup.cpp */; };
		276FE00B1AAF9F1000FD3F2A /* ofxLabel.cpp in Sources */ = {isa = PBXBuildFile; fileRef = 276FDFFE1AAF9F1000FD3F2A /* ofxLabel.cpp */; };
		276FE00C1AAF9F1000FD3F2A /* ofxPanel.cpp in Sources */ = {isa = PBXBuildFile; fileRef = 276FE0001AAF9F1000FD3F2A /* ofxPanel.cpp */; };
		276FE00D1AAF9F1000FD3F2A /* ofxSlider.cpp in Sources */ = {isa = PBXBuildFile; fileRef = 276FE0021AAF9F1000FD3F2A /* ofxSlider.cpp */; };
		276FE00E1AAF9F1000FD3F2A /* ofxSliderGroup.cpp in Sources */ = {isa = PBXBuildFile; fileRef = 276FE0041AAF9F1000FD3F2A /* ofxSliderGroup.cpp */; };
		276FE00F1AAF9F1000FD3F2A /* ofxToggle.cpp in Sources */ = {isa = PBXBuildFile; fileRef = 276FE0061AAF9F1000FD3F2A /* ofxToggle.cpp */; };
		27AA616A1A9403D900C715AD /* ofxAssimpAnimation.cpp in Sources */ = {isa = PBXBuildFile; fileRef = 27AA61271A9403D900C715AD /* ofxAssimpAnimation.cpp */; };
		27AA616B1A9403D900C715AD /* ofxAssimpMeshHelper.cpp in Sources */ = {isa = PBXBuildFile; fileRef = 27AA61291A9403D900C715AD /* ofxAssimpMeshHelper.cpp */; };
		27AA616C1A9403D900C715AD /* ofxAssimpModelLoader.cpp in Sources */ = {isa = PBXBuildFile; fileRef = 27AA612B1A9403D900C715AD /* ofxAssimpModelLoader.cpp */; };
		27AA616D1A9403D900C715AD /* ofxAssimpTexture.cpp in Sources */ = {isa = PBXBuildFile; fileRef = 27AA612D1A9403D900C715AD /* ofxAssimpTexture.cpp */; };
		27AA616E1A9403D900C715AD /* assimp.a in Frameworks */ = {isa = PBXBuildFile; fileRef = 27AA61651A9403D900C715AD /* assimp.a */; };
		27FC77111A9BA178005A6002 /* ofxOscBundle.cpp in Sources */ = {isa = PBXBuildFile; fileRef = 27FC76EA1A9BA178005A6002 /* ofxOscBundle.cpp */; };
		27FC77121A9BA178005A6002 /* ofxOscMessage.cpp in Sources */ = {isa = PBXBuildFile; fileRef = 27FC76EC1A9BA178005A6002 /* ofxOscMessage.cpp */; };
		27FC77131A9BA178005A6002 /* ofxOscParameterSync.cpp in Sources */ = {isa = PBXBuildFile; fileRef = 27FC76EE1A9BA178005A6002 /* ofxOscParameterSync.cpp */; };
		27FC77141A9BA178005A6002 /* ofxOscReceiver.cpp in Sources */ = {isa = PBXBuildFile; fileRef = 27FC76F01A9BA178005A6002 /* ofxOscReceiver.cpp */; };
		27FC77151A9BA178005A6002 /* ofxOscSender.cpp in Sources */ = {isa = PBXBuildFile; fileRef = 27FC76F21A9BA178005A6002 /* ofxOscSender.cpp */; };
		27FC77161A9BA178005A6002 /* IpEndpointName.cpp in Sources */ = {isa = PBXBuildFile; fileRef = 27FC76F81A9BA178005A6002 /* IpEndpointName.cpp */; };
		27FC77171A9BA178005A6002 /* OscOutboundPacketStream.cpp in Sources */ = {isa = PBXBuildFile; fileRef = 27FC77081A9BA178005A6002 /* OscOutboundPacketStream.cpp */; };
		27FC77181A9BA178005A6002 /* OscPrintReceivedElements.cpp in Sources */ = {isa = PBXBuildFile; fileRef = 27FC770B1A9BA178005A6002 /* OscPrintReceivedElements.cpp */; };
		27FC77191A9BA178005A6002 /* OscReceivedElements.cpp in Sources */ = {isa = PBXBuildFile; fileRef = 27FC770D1A9BA178005A6002 /* OscReceivedElements.cpp */; };
		27FC771A1A9BA178005A6002 /* OscTypes.cpp in Sources */ = {isa = PBXBuildFile; fileRef = 27FC770F1A9BA178005A6002 /* OscTypes.cpp */; };
		27FC771E1A9BA2E0005A6002 /* NetworkingUtils.cpp in Sources */ = {isa = PBXBuildFile; fileRef = 27FC771C1A9BA2E0005A6002 /* NetworkingUtils.cpp */; };
		27FC771F1A9BA2E0005A6002 /* UdpSocket.cpp in Sources */ = {isa = PBXBuildFile; fileRef = 27FC771D1A9BA2E0005A6002 /* UdpSocket.cpp */; };
		6474CBF619BCE019003C94E2 /* AVFoundation.framework in Frameworks */ = {isa = PBXBuildFile; fileRef = 6474CBF019BCE00B003C94E2 /* AVFoundation.framework */; };
		6474CBF719BCE019003C94E2 /* CoreMedia.framework in Frameworks */ = {isa = PBXBuildFile; fileRef = 6474CBF119BCE00B003C94E2 /* CoreMedia.framework */; };
		6474CBF819BCE019003C94E2 /* QuartzCore.framework in Frameworks */ = {isa = PBXBuildFile; fileRef = 6474CBF219BCE00B003C94E2 /* QuartzCore.framework */; };
		BBAB23CB13894F3D00AA2426 /* GLUT.framework in CopyFiles */ = {isa = PBXBuildFile; fileRef = BBAB23BE13894E4700AA2426 /* GLUT.framework */; };
		E4328149138ABC9F0047C5CB /* openFrameworksDebug.a in Frameworks */ = {isa = PBXBuildFile; fileRef = E4328148138ABC890047C5CB /* openFrameworksDebug.a */; };
		E45BE97B0E8CC7DD009D7055 /* AGL.framework in Frameworks */ = {isa = PBXBuildFile; fileRef = E45BE9710E8CC7DD009D7055 /* AGL.framework */; };
		E45BE97C0E8CC7DD009D7055 /* ApplicationServices.framework in Frameworks */ = {isa = PBXBuildFile; fileRef = E45BE9720E8CC7DD009D7055 /* ApplicationServices.framework */; };
		E45BE97D0E8CC7DD009D7055 /* AudioToolbox.framework in Frameworks */ = {isa = PBXBuildFile; fileRef = E45BE9730E8CC7DD009D7055 /* AudioToolbox.framework */; };
		E45BE97F0E8CC7DD009D7055 /* CoreAudio.framework in Frameworks */ = {isa = PBXBuildFile; fileRef = E45BE9750E8CC7DD009D7055 /* CoreAudio.framework */; };
		E45BE9800E8CC7DD009D7055 /* CoreFoundation.framework in Frameworks */ = {isa = PBXBuildFile; fileRef = E45BE9760E8CC7DD009D7055 /* CoreFoundation.framework */; };
		E45BE9810E8CC7DD009D7055 /* CoreServices.framework in Frameworks */ = {isa = PBXBuildFile; fileRef = E45BE9770E8CC7DD009D7055 /* CoreServices.framework */; };
		E45BE9830E8CC7DD009D7055 /* OpenGL.framework in Frameworks */ = {isa = PBXBuildFile; fileRef = E45BE9790E8CC7DD009D7055 /* OpenGL.framework */; };
		E45BE9840E8CC7DD009D7055 /* QuickTime.framework in Frameworks */ = {isa = PBXBuildFile; fileRef = E45BE97A0E8CC7DD009D7055 /* QuickTime.framework */; };
		E4B69E200A3A1BDC003C02F2 /* main.cpp in Sources */ = {isa = PBXBuildFile; fileRef = E4B69E1D0A3A1BDC003C02F2 /* main.cpp */; };
		E4C2424710CC5A17004149E2 /* AppKit.framework in Frameworks */ = {isa = PBXBuildFile; fileRef = E4C2424410CC5A17004149E2 /* AppKit.framework */; };
		E4C2424810CC5A17004149E2 /* Cocoa.framework in Frameworks */ = {isa = PBXBuildFile; fileRef = E4C2424510CC5A17004149E2 /* Cocoa.framework */; };
		E4C2424910CC5A17004149E2 /* IOKit.framework in Frameworks */ = {isa = PBXBuildFile; fileRef = E4C2424610CC5A17004149E2 /* IOKit.framework */; };
		E4EB6799138ADC1D00A09F29 /* GLUT.framework in Frameworks */ = {isa = PBXBuildFile; fileRef = BBAB23BE13894E4700AA2426 /* GLUT.framework */; };
		E7E077E515D3B63C0020DFD4 /* CoreVideo.framework in Frameworks */ = {isa = PBXBuildFile; fileRef = E7E077E415D3B63C0020DFD4 /* CoreVideo.framework */; };
		E7E077E815D3B6510020DFD4 /* QTKit.framework in Frameworks */ = {isa = PBXBuildFile; fileRef = E7E077E715D3B6510020DFD4 /* QTKit.framework */; };
		E7F985F815E0DEA3003869B5 /* Accelerate.framework in Frameworks */ = {isa = PBXBuildFile; fileRef = E7F985F515E0DE99003869B5 /* Accelerate.framework */; };
/* End PBXBuildFile section */

/* Begin PBXContainerItemProxy section */
		E4328147138ABC890047C5CB /* PBXContainerItemProxy */ = {
			isa = PBXContainerItemProxy;
			containerPortal = E4328143138ABC890047C5CB /* openFrameworksLib.xcodeproj */;
			proxyType = 2;
			remoteGlobalIDString = E4B27C1510CBEB8E00536013;
			remoteInfo = openFrameworks;
		};
		E4EEB9AB138B136A00A80321 /* PBXContainerItemProxy */ = {
			isa = PBXContainerItemProxy;
			containerPortal = E4328143138ABC890047C5CB /* openFrameworksLib.xcodeproj */;
			proxyType = 1;
			remoteGlobalIDString = E4B27C1410CBEB8E00536013;
			remoteInfo = openFrameworks;
		};
/* End PBXContainerItemProxy section */

/* Begin PBXCopyFilesBuildPhase section */
		E4C2427710CC5ABF004149E2 /* CopyFiles */ = {
			isa = PBXCopyFilesBuildPhase;
			buildActionMask = 2147483647;
			dstPath = "";
			dstSubfolderSpec = 10;
			files = (
				BBAB23CB13894F3D00AA2426 /* GLUT.framework in CopyFiles */,
			);
			runOnlyForDeploymentPostprocessing = 0;
		};
/* End PBXCopyFilesBuildPhase section */

/* Begin PBXFileReference section */
		2759AAC81ABC436200DC691C /* Motor.h */ = {isa = PBXFileReference; fileEncoding = 4; lastKnownFileType = sourcecode.c.h; path = Motor.h; sourceTree = "<group>"; };
		276FDFF01AAF9D5F00FD3F2A /* ofxConnexion.cpp */ = {isa = PBXFileReference; lastKnownFileType = sourcecode.cpp.cpp; path = ofxConnexion.cpp; sourceTree = "<group>"; };
		276FDFF11AAF9D5F00FD3F2A /* ofxConnexion.h */ = {isa = PBXFileReference; lastKnownFileType = sourcecode.c.h; path = ofxConnexion.h; sourceTree = "<group>"; };
		276FDFF31AAF9D9100FD3F2A /* 3DconnexionClient.framework */ = {isa = PBXFileReference; lastKnownFileType = wrapper.framework; name = 3DconnexionClient.framework; path = ../../../../../../../Library/Frameworks/3DconnexionClient.framework; sourceTree = "<group>"; };
		276FDFF71AAF9F1000FD3F2A /* ofxBaseGui.cpp */ = {isa = PBXFileReference; lastKnownFileType = sourcecode.cpp.cpp; path = ofxBaseGui.cpp; sourceTree = "<group>"; };
		276FDFF81AAF9F1000FD3F2A /* ofxBaseGui.h */ = {isa = PBXFileReference; lastKnownFileType = sourcecode.c.h; path = ofxBaseGui.h; sourceTree = "<group>"; };
		276FDFF91AAF9F1000FD3F2A /* ofxButton.cpp */ = {isa = PBXFileReference; lastKnownFileType = sourcecode.cpp.cpp; path = ofxButton.cpp; sourceTree = "<group>"; };
		276FDFFA1AAF9F1000FD3F2A /* ofxButton.h */ = {isa = PBXFileReference; lastKnownFileType = sourcecode.c.h; path = ofxButton.h; sourceTree = "<group>"; };
		276FDFFB1AAF9F1000FD3F2A /* ofxGui.h */ = {isa = PBXFileReference; lastKnownFileType = sourcecode.c.h; path = ofxGui.h; sourceTree = "<group>"; };
		276FDFFC1AAF9F1000FD3F2A /* ofxGuiGroup.cpp */ = {isa = PBXFileReference; lastKnownFileType = sourcecode.cpp.cpp; path = ofxGuiGroup.cpp; sourceTree = "<group>"; };
		276FDFFD1AAF9F1000FD3F2A /* ofxGuiGroup.h */ = {isa = PBXFileReference; lastKnownFileType = sourcecode.c.h; path = ofxGuiGroup.h; sourceTree = "<group>"; };
		276FDFFE1AAF9F1000FD3F2A /* ofxLabel.cpp */ = {isa = PBXFileReference; lastKnownFileType = sourcecode.cpp.cpp; path = ofxLabel.cpp; sourceTree = "<group>"; };
		276FDFFF1AAF9F1000FD3F2A /* ofxLabel.h */ = {isa = PBXFileReference; lastKnownFileType = sourcecode.c.h; path = ofxLabel.h; sourceTree = "<group>"; };
		276FE0001AAF9F1000FD3F2A /* ofxPanel.cpp */ = {isa = PBXFileReference; lastKnownFileType = sourcecode.cpp.cpp; path = ofxPanel.cpp; sourceTree = "<group>"; };
		276FE0011AAF9F1000FD3F2A /* ofxPanel.h */ = {isa = PBXFileReference; lastKnownFileType = sourcecode.c.h; path = ofxPanel.h; sourceTree = "<group>"; };
		276FE0021AAF9F1000FD3F2A /* ofxSlider.cpp */ = {isa = PBXFileReference; lastKnownFileType = sourcecode.cpp.cpp; path = ofxSlider.cpp; sourceTree = "<group>"; };
		276FE0031AAF9F1000FD3F2A /* ofxSlider.h */ = {isa = PBXFileReference; lastKnownFileType = sourcecode.c.h; path = ofxSlider.h; sourceTree = "<group>"; };
		276FE0041AAF9F1000FD3F2A /* ofxSliderGroup.cpp */ = {isa = PBXFileReference; lastKnownFileType = sourcecode.cpp.cpp; path = ofxSliderGroup.cpp; sourceTree = "<group>"; };
		276FE0051AAF9F1000FD3F2A /* ofxSliderGroup.h */ = {isa = PBXFileReference; lastKnownFileType = sourcecode.c.h; path = ofxSliderGroup.h; sourceTree = "<group>"; };
		276FE0061AAF9F1000FD3F2A /* ofxToggle.cpp */ = {isa = PBXFileReference; lastKnownFileType = sourcecode.cpp.cpp; path = ofxToggle.cpp; sourceTree = "<group>"; };
		276FE0071AAF9F1000FD3F2A /* ofxToggle.h */ = {isa = PBXFileReference; lastKnownFileType = sourcecode.c.h; path = ofxToggle.h; sourceTree = "<group>"; };
		279144051AB9EE4000346B8B /* config.xml */ = {isa = PBXFileReference; lastKnownFileType = text.xml; name = config.xml; path = ../bin/data/config.xml; sourceTree = "<group>"; };
		27AA61271A9403D900C715AD /* ofxAssimpAnimation.cpp */ = {isa = PBXFileReference; lastKnownFileType = sourcecode.cpp.cpp; path = ofxAssimpAnimation.cpp; sourceTree = "<group>"; };
		27AA61281A9403D900C715AD /* ofxAssimpAnimation.h */ = {isa = PBXFileReference; lastKnownFileType = sourcecode.c.h; path = ofxAssimpAnimation.h; sourceTree = "<group>"; };
		27AA61291A9403D900C715AD /* ofxAssimpMeshHelper.cpp */ = {isa = PBXFileReference; lastKnownFileType = sourcecode.cpp.cpp; path = ofxAssimpMeshHelper.cpp; sourceTree = "<group>"; };
		27AA612A1A9403D900C715AD /* ofxAssimpMeshHelper.h */ = {isa = PBXFileReference; lastKnownFileType = sourcecode.c.h; path = ofxAssimpMeshHelper.h; sourceTree = "<group>"; };
		27AA612B1A9403D900C715AD /* ofxAssimpModelLoader.cpp */ = {isa = PBXFileReference; lastKnownFileType = sourcecode.cpp.cpp; path = ofxAssimpModelLoader.cpp; sourceTree = "<group>"; };
		27AA612C1A9403D900C715AD /* ofxAssimpModelLoader.h */ = {isa = PBXFileReference; lastKnownFileType = sourcecode.c.h; path = ofxAssimpModelLoader.h; sourceTree = "<group>"; };
		27AA612D1A9403D900C715AD /* ofxAssimpTexture.cpp */ = {isa = PBXFileReference; lastKnownFileType = sourcecode.cpp.cpp; path = ofxAssimpTexture.cpp; sourceTree = "<group>"; };
		27AA612E1A9403D900C715AD /* ofxAssimpTexture.h */ = {isa = PBXFileReference; lastKnownFileType = sourcecode.c.h; path = ofxAssimpTexture.h; sourceTree = "<group>"; };
		27AA612F1A9403D900C715AD /* ofxAssimpUtils.h */ = {isa = PBXFileReference; lastKnownFileType = sourcecode.c.h; path = ofxAssimpUtils.h; sourceTree = "<group>"; };
		27AA61331A9403D900C715AD /* aiAnim.h */ = {isa = PBXFileReference; lastKnownFileType = sourcecode.c.h; path = aiAnim.h; sourceTree = "<group>"; };
		27AA61341A9403D900C715AD /* aiAssert.h */ = {isa = PBXFileReference; lastKnownFileType = sourcecode.c.h; path = aiAssert.h; sourceTree = "<group>"; };
		27AA61351A9403D900C715AD /* aiCamera.h */ = {isa = PBXFileReference; lastKnownFileType = sourcecode.c.h; path = aiCamera.h; sourceTree = "<group>"; };
		27AA61361A9403D900C715AD /* aiColor4D.h */ = {isa = PBXFileReference; lastKnownFileType = sourcecode.c.h; path = aiColor4D.h; sourceTree = "<group>"; };
		27AA61371A9403D900C715AD /* aiColor4D.inl */ = {isa = PBXFileReference; lastKnownFileType = text; path = aiColor4D.inl; sourceTree = "<group>"; };
		27AA61381A9403D900C715AD /* aiConfig.h */ = {isa = PBXFileReference; lastKnownFileType = sourcecode.c.h; path = aiConfig.h; sourceTree = "<group>"; };
		27AA61391A9403D900C715AD /* aiDefines.h */ = {isa = PBXFileReference; lastKnownFileType = sourcecode.c.h; path = aiDefines.h; sourceTree = "<group>"; };
		27AA613A1A9403D900C715AD /* aiFileIO.h */ = {isa = PBXFileReference; lastKnownFileType = sourcecode.c.h; path = aiFileIO.h; sourceTree = "<group>"; };
		27AA613B1A9403D900C715AD /* aiLight.h */ = {isa = PBXFileReference; lastKnownFileType = sourcecode.c.h; path = aiLight.h; sourceTree = "<group>"; };
		27AA613C1A9403D900C715AD /* aiMaterial.h */ = {isa = PBXFileReference; lastKnownFileType = sourcecode.c.h; path = aiMaterial.h; sourceTree = "<group>"; };
		27AA613D1A9403D900C715AD /* aiMaterial.inl */ = {isa = PBXFileReference; lastKnownFileType = text; path = aiMaterial.inl; sourceTree = "<group>"; };
		27AA613E1A9403D900C715AD /* aiMatrix3x3.h */ = {isa = PBXFileReference; lastKnownFileType = sourcecode.c.h; path = aiMatrix3x3.h; sourceTree = "<group>"; };
		27AA613F1A9403D900C715AD /* aiMatrix3x3.inl */ = {isa = PBXFileReference; lastKnownFileType = text; path = aiMatrix3x3.inl; sourceTree = "<group>"; };
		27AA61401A9403D900C715AD /* aiMatrix4x4.h */ = {isa = PBXFileReference; lastKnownFileType = sourcecode.c.h; path = aiMatrix4x4.h; sourceTree = "<group>"; };
		27AA61411A9403D900C715AD /* aiMatrix4x4.inl */ = {isa = PBXFileReference; lastKnownFileType = text; path = aiMatrix4x4.inl; sourceTree = "<group>"; };
		27AA61421A9403D900C715AD /* aiMesh.h */ = {isa = PBXFileReference; lastKnownFileType = sourcecode.c.h; path = aiMesh.h; sourceTree = "<group>"; };
		27AA61431A9403D900C715AD /* aiPostProcess.h */ = {isa = PBXFileReference; lastKnownFileType = sourcecode.c.h; path = aiPostProcess.h; sourceTree = "<group>"; };
		27AA61441A9403D900C715AD /* aiQuaternion.h */ = {isa = PBXFileReference; lastKnownFileType = sourcecode.c.h; path = aiQuaternion.h; sourceTree = "<group>"; };
		27AA61451A9403D900C715AD /* aiScene.h */ = {isa = PBXFileReference; lastKnownFileType = sourcecode.c.h; path = aiScene.h; sourceTree = "<group>"; };
		27AA61461A9403D900C715AD /* aiTexture.h */ = {isa = PBXFileReference; lastKnownFileType = sourcecode.c.h; path = aiTexture.h; sourceTree = "<group>"; };
		27AA61471A9403D900C715AD /* aiTypes.h */ = {isa = PBXFileReference; lastKnownFileType = sourcecode.c.h; path = aiTypes.h; sourceTree = "<group>"; };
		27AA61481A9403D900C715AD /* aiVector2D.h */ = {isa = PBXFileReference; lastKnownFileType = sourcecode.c.h; path = aiVector2D.h; sourceTree = "<group>"; };
		27AA61491A9403D900C715AD /* aiVector3D.h */ = {isa = PBXFileReference; lastKnownFileType = sourcecode.c.h; path = aiVector3D.h; sourceTree = "<group>"; };
		27AA614A1A9403D900C715AD /* aiVector3D.inl */ = {isa = PBXFileReference; lastKnownFileType = text; path = aiVector3D.inl; sourceTree = "<group>"; };
		27AA614B1A9403D900C715AD /* aiVersion.h */ = {isa = PBXFileReference; lastKnownFileType = sourcecode.c.h; path = aiVersion.h; sourceTree = "<group>"; };
		27AA614C1A9403D900C715AD /* assimp.h */ = {isa = PBXFileReference; lastKnownFileType = sourcecode.c.h; path = assimp.h; sourceTree = "<group>"; };
		27AA614D1A9403D900C715AD /* assimp.hpp */ = {isa = PBXFileReference; lastKnownFileType = sourcecode.cpp.h; path = assimp.hpp; sourceTree = "<group>"; };
		27AA614F1A9403D900C715AD /* poppack1.h */ = {isa = PBXFileReference; lastKnownFileType = sourcecode.c.h; path = poppack1.h; sourceTree = "<group>"; };
		27AA61501A9403D900C715AD /* pushpack1.h */ = {isa = PBXFileReference; lastKnownFileType = sourcecode.c.h; path = pushpack1.h; sourceTree = "<group>"; };
		27AA61511A9403D900C715AD /* DefaultLogger.h */ = {isa = PBXFileReference; lastKnownFileType = sourcecode.c.h; path = DefaultLogger.h; sourceTree = "<group>"; };
		27AA61521A9403D900C715AD /* IOStream.h */ = {isa = PBXFileReference; lastKnownFileType = sourcecode.c.h; path = IOStream.h; sourceTree = "<group>"; };
		27AA61531A9403D900C715AD /* IOSystem.h */ = {isa = PBXFileReference; lastKnownFileType = sourcecode.c.h; path = IOSystem.h; sourceTree = "<group>"; };
		27AA61541A9403D900C715AD /* Logger.h */ = {isa = PBXFileReference; lastKnownFileType = sourcecode.c.h; path = Logger.h; sourceTree = "<group>"; };
		27AA61551A9403D900C715AD /* LogStream.h */ = {isa = PBXFileReference; lastKnownFileType = sourcecode.c.h; path = LogStream.h; sourceTree = "<group>"; };
		27AA61561A9403D900C715AD /* NullLogger.h */ = {isa = PBXFileReference; lastKnownFileType = sourcecode.c.h; path = NullLogger.h; sourceTree = "<group>"; };
		27AA61571A9403D900C715AD /* ProgressHandler.h */ = {isa = PBXFileReference; lastKnownFileType = sourcecode.c.h; path = ProgressHandler.h; sourceTree = "<group>"; };
		27AA61651A9403D900C715AD /* assimp.a */ = {isa = PBXFileReference; lastKnownFileType = archive.ar; path = assimp.a; sourceTree = "<group>"; };
		27FC76E81A9BA178005A6002 /* ofxOsc.h */ = {isa = PBXFileReference; lastKnownFileType = sourcecode.c.h; path = ofxOsc.h; sourceTree = "<group>"; };
		27FC76E91A9BA178005A6002 /* ofxOscArg.h */ = {isa = PBXFileReference; lastKnownFileType = sourcecode.c.h; path = ofxOscArg.h; sourceTree = "<group>"; };
		27FC76EA1A9BA178005A6002 /* ofxOscBundle.cpp */ = {isa = PBXFileReference; lastKnownFileType = sourcecode.cpp.cpp; path = ofxOscBundle.cpp; sourceTree = "<group>"; };
		27FC76EB1A9BA178005A6002 /* ofxOscBundle.h */ = {isa = PBXFileReference; lastKnownFileType = sourcecode.c.h; path = ofxOscBundle.h; sourceTree = "<group>"; };
		27FC76EC1A9BA178005A6002 /* ofxOscMessage.cpp */ = {isa = PBXFileReference; lastKnownFileType = sourcecode.cpp.cpp; path = ofxOscMessage.cpp; sourceTree = "<group>"; };
		27FC76ED1A9BA178005A6002 /* ofxOscMessage.h */ = {isa = PBXFileReference; lastKnownFileType = sourcecode.c.h; path = ofxOscMessage.h; sourceTree = "<group>"; };
		27FC76EE1A9BA178005A6002 /* ofxOscParameterSync.cpp */ = {isa = PBXFileReference; lastKnownFileType = sourcecode.cpp.cpp; path = ofxOscParameterSync.cpp; sourceTree = "<group>"; };
		27FC76EF1A9BA178005A6002 /* ofxOscParameterSync.h */ = {isa = PBXFileReference; lastKnownFileType = sourcecode.c.h; path = ofxOscParameterSync.h; sourceTree = "<group>"; };
		27FC76F01A9BA178005A6002 /* ofxOscReceiver.cpp */ = {isa = PBXFileReference; lastKnownFileType = sourcecode.cpp.cpp; path = ofxOscReceiver.cpp; sourceTree = "<group>"; };
		27FC76F11A9BA178005A6002 /* ofxOscReceiver.h */ = {isa = PBXFileReference; lastKnownFileType = sourcecode.c.h; path = ofxOscReceiver.h; sourceTree = "<group>"; };
		27FC76F21A9BA178005A6002 /* ofxOscSender.cpp */ = {isa = PBXFileReference; lastKnownFileType = sourcecode.cpp.cpp; path = ofxOscSender.cpp; sourceTree = "<group>"; };
		27FC76F31A9BA178005A6002 /* ofxOscSender.h */ = {isa = PBXFileReference; lastKnownFileType = sourcecode.c.h; path = ofxOscSender.h; sourceTree = "<group>"; };
		27FC76F81A9BA178005A6002 /* IpEndpointName.cpp */ = {isa = PBXFileReference; lastKnownFileType = sourcecode.cpp.cpp; path = IpEndpointName.cpp; sourceTree = "<group>"; };
		27FC76F91A9BA178005A6002 /* IpEndpointName.h */ = {isa = PBXFileReference; lastKnownFileType = sourcecode.c.h; path = IpEndpointName.h; sourceTree = "<group>"; };
		27FC76FA1A9BA178005A6002 /* NetworkingUtils.h */ = {isa = PBXFileReference; lastKnownFileType = sourcecode.c.h; path = NetworkingUtils.h; sourceTree = "<group>"; };
		27FC76FB1A9BA178005A6002 /* PacketListener.h */ = {isa = PBXFileReference; lastKnownFileType = sourcecode.c.h; path = PacketListener.h; sourceTree = "<group>"; };
		27FC76FF1A9BA178005A6002 /* TimerListener.h */ = {isa = PBXFileReference; lastKnownFileType = sourcecode.c.h; path = TimerListener.h; sourceTree = "<group>"; };
		27FC77001A9BA178005A6002 /* UdpSocket.h */ = {isa = PBXFileReference; lastKnownFileType = sourcecode.c.h; path = UdpSocket.h; sourceTree = "<group>"; };
		27FC77051A9BA178005A6002 /* MessageMappingOscPacketListener.h */ = {isa = PBXFileReference; lastKnownFileType = sourcecode.c.h; path = MessageMappingOscPacketListener.h; sourceTree = "<group>"; };
		27FC77061A9BA178005A6002 /* OscException.h */ = {isa = PBXFileReference; lastKnownFileType = sourcecode.c.h; path = OscException.h; sourceTree = "<group>"; };
		27FC77071A9BA178005A6002 /* OscHostEndianness.h */ = {isa = PBXFileReference; lastKnownFileType = sourcecode.c.h; path = OscHostEndianness.h; sourceTree = "<group>"; };
		27FC77081A9BA178005A6002 /* OscOutboundPacketStream.cpp */ = {isa = PBXFileReference; lastKnownFileType = sourcecode.cpp.cpp; path = OscOutboundPacketStream.cpp; sourceTree = "<group>"; };
		27FC77091A9BA178005A6002 /* OscOutboundPacketStream.h */ = {isa = PBXFileReference; lastKnownFileType = sourcecode.c.h; path = OscOutboundPacketStream.h; sourceTree = "<group>"; };
		27FC770A1A9BA178005A6002 /* OscPacketListener.h */ = {isa = PBXFileReference; lastKnownFileType = sourcecode.c.h; path = OscPacketListener.h; sourceTree = "<group>"; };
		27FC770B1A9BA178005A6002 /* OscPrintReceivedElements.cpp */ = {isa = PBXFileReference; lastKnownFileType = sourcecode.cpp.cpp; path = OscPrintReceivedElements.cpp; sourceTree = "<group>"; };
		27FC770C1A9BA178005A6002 /* OscPrintReceivedElements.h */ = {isa = PBXFileReference; lastKnownFileType = sourcecode.c.h; path = OscPrintReceivedElements.h; sourceTree = "<group>"; };
		27FC770D1A9BA178005A6002 /* OscReceivedElements.cpp */ = {isa = PBXFileReference; lastKnownFileType = sourcecode.cpp.cpp; path = OscReceivedElements.cpp; sourceTree = "<group>"; };
		27FC770E1A9BA178005A6002 /* OscReceivedElements.h */ = {isa = PBXFileReference; lastKnownFileType = sourcecode.c.h; path = OscReceivedElements.h; sourceTree = "<group>"; };
		27FC770F1A9BA178005A6002 /* OscTypes.cpp */ = {isa = PBXFileReference; lastKnownFileType = sourcecode.cpp.cpp; path = OscTypes.cpp; sourceTree = "<group>"; };
		27FC77101A9BA178005A6002 /* OscTypes.h */ = {isa = PBXFileReference; lastKnownFileType = sourcecode.c.h; path = OscTypes.h; sourceTree = "<group>"; };
		27FC771C1A9BA2E0005A6002 /* NetworkingUtils.cpp */ = {isa = PBXFileReference; fileEncoding = 4; lastKnownFileType = sourcecode.cpp.cpp; path = NetworkingUtils.cpp; sourceTree = "<group>"; };
		27FC771D1A9BA2E0005A6002 /* UdpSocket.cpp */ = {isa = PBXFileReference; fileEncoding = 4; lastKnownFileType = sourcecode.cpp.cpp; path = UdpSocket.cpp; sourceTree = "<group>"; };
		6474CBF019BCE00B003C94E2 /* AVFoundation.framework */ = {isa = PBXFileReference; lastKnownFileType = wrapper.framework; name = AVFoundation.framework; path = System/Library/Frameworks/AVFoundation.framework; sourceTree = SDKROOT; };
		6474CBF119BCE00B003C94E2 /* CoreMedia.framework */ = {isa = PBXFileReference; lastKnownFileType = wrapper.framework; name = CoreMedia.framework; path = System/Library/Frameworks/CoreMedia.framework; sourceTree = SDKROOT; };
		6474CBF219BCE00B003C94E2 /* QuartzCore.framework */ = {isa = PBXFileReference; lastKnownFileType = wrapper.framework; name = QuartzCore.framework; path = System/Library/Frameworks/QuartzCore.framework; sourceTree = SDKROOT; };
		BBAB23BE13894E4700AA2426 /* GLUT.framework */ = {isa = PBXFileReference; lastKnownFileType = wrapper.framework; name = GLUT.framework; path = ../../../libs/glut/lib/osx/GLUT.framework; sourceTree = "<group>"; };
		E4328143138ABC890047C5CB /* openFrameworksLib.xcodeproj */ = {isa = PBXFileReference; lastKnownFileType = "wrapper.pb-project"; name = openFrameworksLib.xcodeproj; path = ../../../libs/openFrameworksCompiled/project/osx/openFrameworksLib.xcodeproj; sourceTree = SOURCE_ROOT; };
		E45BE9710E8CC7DD009D7055 /* AGL.framework */ = {isa = PBXFileReference; lastKnownFileType = wrapper.framework; name = AGL.framework; path = /System/Library/Frameworks/AGL.framework; sourceTree = "<absolute>"; };
		E45BE9720E8CC7DD009D7055 /* ApplicationServices.framework */ = {isa = PBXFileReference; lastKnownFileType = wrapper.framework; name = ApplicationServices.framework; path = /System/Library/Frameworks/ApplicationServices.framework; sourceTree = "<absolute>"; };
		E45BE9730E8CC7DD009D7055 /* AudioToolbox.framework */ = {isa = PBXFileReference; lastKnownFileType = wrapper.framework; name = AudioToolbox.framework; path = /System/Library/Frameworks/AudioToolbox.framework; sourceTree = "<absolute>"; };
		E45BE9750E8CC7DD009D7055 /* CoreAudio.framework */ = {isa = PBXFileReference; lastKnownFileType = wrapper.framework; name = CoreAudio.framework; path = /System/Library/Frameworks/CoreAudio.framework; sourceTree = "<absolute>"; };
		E45BE9760E8CC7DD009D7055 /* CoreFoundation.framework */ = {isa = PBXFileReference; lastKnownFileType = wrapper.framework; name = CoreFoundation.framework; path = /System/Library/Frameworks/CoreFoundation.framework; sourceTree = "<absolute>"; };
		E45BE9770E8CC7DD009D7055 /* CoreServices.framework */ = {isa = PBXFileReference; lastKnownFileType = wrapper.framework; name = CoreServices.framework; path = /System/Library/Frameworks/CoreServices.framework; sourceTree = "<absolute>"; };
		E45BE9790E8CC7DD009D7055 /* OpenGL.framework */ = {isa = PBXFileReference; lastKnownFileType = wrapper.framework; name = OpenGL.framework; path = /System/Library/Frameworks/OpenGL.framework; sourceTree = "<absolute>"; };
		E45BE97A0E8CC7DD009D7055 /* QuickTime.framework */ = {isa = PBXFileReference; lastKnownFileType = wrapper.framework; name = QuickTime.framework; path = /System/Library/Frameworks/QuickTime.framework; sourceTree = "<absolute>"; };
		E4B69B5B0A3A1756003C02F2 /* HighsightSimulationDebug.app */ = {isa = PBXFileReference; explicitFileType = wrapper.application; includeInIndex = 0; path = HighsightSimulationDebug.app; sourceTree = BUILT_PRODUCTS_DIR; };
		E4B69E1D0A3A1BDC003C02F2 /* main.cpp */ = {isa = PBXFileReference; fileEncoding = 30; lastKnownFileType = sourcecode.cpp.cpp; name = main.cpp; path = src/main.cpp; sourceTree = SOURCE_ROOT; };
		E4B6FCAD0C3E899E008CF71C /* openFrameworks-Info.plist */ = {isa = PBXFileReference; fileEncoding = 30; lastKnownFileType = text.plist.xml; path = "openFrameworks-Info.plist"; sourceTree = "<group>"; };
		E4C2424410CC5A17004149E2 /* AppKit.framework */ = {isa = PBXFileReference; lastKnownFileType = wrapper.framework; name = AppKit.framework; path = /System/Library/Frameworks/AppKit.framework; sourceTree = "<absolute>"; };
		E4C2424510CC5A17004149E2 /* Cocoa.framework */ = {isa = PBXFileReference; lastKnownFileType = wrapper.framework; name = Cocoa.framework; path = /System/Library/Frameworks/Cocoa.framework; sourceTree = "<absolute>"; };
		E4C2424610CC5A17004149E2 /* IOKit.framework */ = {isa = PBXFileReference; lastKnownFileType = wrapper.framework; name = IOKit.framework; path = /System/Library/Frameworks/IOKit.framework; sourceTree = "<absolute>"; };
		E4EB691F138AFCF100A09F29 /* CoreOF.xcconfig */ = {isa = PBXFileReference; fileEncoding = 4; lastKnownFileType = text.xcconfig; name = CoreOF.xcconfig; path = ../../../libs/openFrameworksCompiled/project/osx/CoreOF.xcconfig; sourceTree = SOURCE_ROOT; };
		E4EB6923138AFD0F00A09F29 /* Project.xcconfig */ = {isa = PBXFileReference; fileEncoding = 4; lastKnownFileType = text.xcconfig; path = Project.xcconfig; sourceTree = "<group>"; };
		E7E077E415D3B63C0020DFD4 /* CoreVideo.framework */ = {isa = PBXFileReference; lastKnownFileType = wrapper.framework; name = CoreVideo.framework; path = /System/Library/Frameworks/CoreVideo.framework; sourceTree = "<absolute>"; };
		E7E077E715D3B6510020DFD4 /* QTKit.framework */ = {isa = PBXFileReference; lastKnownFileType = wrapper.framework; name = QTKit.framework; path = /System/Library/Frameworks/QTKit.framework; sourceTree = "<absolute>"; };
		E7F985F515E0DE99003869B5 /* Accelerate.framework */ = {isa = PBXFileReference; lastKnownFileType = wrapper.framework; name = Accelerate.framework; path = /System/Library/Frameworks/Accelerate.framework; sourceTree = "<absolute>"; };
/* End PBXFileReference section */

/* Begin PBXFrameworksBuildPhase section */
		E4B69B590A3A1756003C02F2 /* Frameworks */ = {
			isa = PBXFrameworksBuildPhase;
			buildActionMask = 2147483647;
			files = (
				6474CBF619BCE019003C94E2 /* AVFoundation.framework in Frameworks */,
				6474CBF719BCE019003C94E2 /* CoreMedia.framework in Frameworks */,
				6474CBF819BCE019003C94E2 /* QuartzCore.framework in Frameworks */,
				E7F985F815E0DEA3003869B5 /* Accelerate.framework in Frameworks */,
				E7E077E815D3B6510020DFD4 /* QTKit.framework in Frameworks */,
				E4EB6799138ADC1D00A09F29 /* GLUT.framework in Frameworks */,
				E4328149138ABC9F0047C5CB /* openFrameworksDebug.a in Frameworks */,
				E45BE97B0E8CC7DD009D7055 /* AGL.framework in Frameworks */,
				E45BE97C0E8CC7DD009D7055 /* ApplicationServices.framework in Frameworks */,
				E45BE97D0E8CC7DD009D7055 /* AudioToolbox.framework in Frameworks */,
				E45BE97F0E8CC7DD009D7055 /* CoreAudio.framework in Frameworks */,
				E45BE9800E8CC7DD009D7055 /* CoreFoundation.framework in Frameworks */,
				276FDFF41AAF9D9100FD3F2A /* 3DconnexionClient.framework in Frameworks */,
				E45BE9810E8CC7DD009D7055 /* CoreServices.framework in Frameworks */,
				E45BE9830E8CC7DD009D7055 /* OpenGL.framework in Frameworks */,
				E45BE9840E8CC7DD009D7055 /* QuickTime.framework in Frameworks */,
				E4C2424710CC5A17004149E2 /* AppKit.framework in Frameworks */,
				27AA616E1A9403D900C715AD /* assimp.a in Frameworks */,
				E4C2424810CC5A17004149E2 /* Cocoa.framework in Frameworks */,
				E4C2424910CC5A17004149E2 /* IOKit.framework in Frameworks */,
				E7E077E515D3B63C0020DFD4 /* CoreVideo.framework in Frameworks */,
			);
			runOnlyForDeploymentPostprocessing = 0;
		};
/* End PBXFrameworksBuildPhase section */

/* Begin PBXGroup section */
		276FDFEE1AAF9D5F00FD3F2A /* ofxConnexion */ = {
			isa = PBXGroup;
			children = (
				276FDFF31AAF9D9100FD3F2A /* 3DconnexionClient.framework */,
				276FDFEF1AAF9D5F00FD3F2A /* src */,
			);
			name = ofxConnexion;
			sourceTree = "<group>";
		};
		276FDFEF1AAF9D5F00FD3F2A /* src */ = {
			isa = PBXGroup;
			children = (
				276FDFF01AAF9D5F00FD3F2A /* ofxConnexion.cpp */,
				276FDFF11AAF9D5F00FD3F2A /* ofxConnexion.h */,
			);
			name = src;
			path = ../../../addons/ofxConnexion/src;
			sourceTree = "<group>";
		};
		276FDFF51AAF9F1000FD3F2A /* ofxGui */ = {
			isa = PBXGroup;
			children = (
				276FDFF61AAF9F1000FD3F2A /* src */,
			);
			name = ofxGui;
			sourceTree = "<group>";
		};
		276FDFF61AAF9F1000FD3F2A /* src */ = {
			isa = PBXGroup;
			children = (
				276FDFF71AAF9F1000FD3F2A /* ofxBaseGui.cpp */,
				276FDFF81AAF9F1000FD3F2A /* ofxBaseGui.h */,
				276FDFF91AAF9F1000FD3F2A /* ofxButton.cpp */,
				276FDFFA1AAF9F1000FD3F2A /* ofxButton.h */,
				276FDFFB1AAF9F1000FD3F2A /* ofxGui.h */,
				276FDFFC1AAF9F1000FD3F2A /* ofxGuiGroup.cpp */,
				276FDFFD1AAF9F1000FD3F2A /* ofxGuiGroup.h */,
				276FDFFE1AAF9F1000FD3F2A /* ofxLabel.cpp */,
				276FDFFF1AAF9F1000FD3F2A /* ofxLabel.h */,
				276FE0001AAF9F1000FD3F2A /* ofxPanel.cpp */,
				276FE0011AAF9F1000FD3F2A /* ofxPanel.h */,
				276FE0021AAF9F1000FD3F2A /* ofxSlider.cpp */,
				276FE0031AAF9F1000FD3F2A /* ofxSlider.h */,
				276FE0041AAF9F1000FD3F2A /* ofxSliderGroup.cpp */,
				276FE0051AAF9F1000FD3F2A /* ofxSliderGroup.h */,
				276FE0061AAF9F1000FD3F2A /* ofxToggle.cpp */,
				276FE0071AAF9F1000FD3F2A /* ofxToggle.h */,
			);
			name = src;
			path = ../../../addons/ofxGui/src;
			sourceTree = "<group>";
		};
		27AA61251A9403D900C715AD /* ofxAssimpModelLoader */ = {
			isa = PBXGroup;
			children = (
				27AA61261A9403D900C715AD /* src */,
				27AA61301A9403D900C715AD /* libs */,
			);
			name = ofxAssimpModelLoader;
			sourceTree = "<group>";
		};
		27AA61261A9403D900C715AD /* src */ = {
			isa = PBXGroup;
			children = (
				27AA61271A9403D900C715AD /* ofxAssimpAnimation.cpp */,
				27AA61281A9403D900C715AD /* ofxAssimpAnimation.h */,
				27AA61291A9403D900C715AD /* ofxAssimpMeshHelper.cpp */,
				27AA612A1A9403D900C715AD /* ofxAssimpMeshHelper.h */,
				27AA612B1A9403D900C715AD /* ofxAssimpModelLoader.cpp */,
				27AA612C1A9403D900C715AD /* ofxAssimpModelLoader.h */,
				27AA612D1A9403D900C715AD /* ofxAssimpTexture.cpp */,
				27AA612E1A9403D900C715AD /* ofxAssimpTexture.h */,
				27AA612F1A9403D900C715AD /* ofxAssimpUtils.h */,
			);
			name = src;
			path = ../../../addons/ofxAssimpModelLoader/src;
			sourceTree = "<group>";
		};
		27AA61301A9403D900C715AD /* libs */ = {
			isa = PBXGroup;
			children = (
				27AA61311A9403D900C715AD /* assimp */,
			);
			name = libs;
			path = ../../../addons/ofxAssimpModelLoader/libs;
			sourceTree = "<group>";
		};
		27AA61311A9403D900C715AD /* assimp */ = {
			isa = PBXGroup;
			children = (
				27AA61321A9403D900C715AD /* include */,
				27AA61581A9403D900C715AD /* lib */,
			);
			path = assimp;
			sourceTree = "<group>";
		};
		27AA61321A9403D900C715AD /* include */ = {
			isa = PBXGroup;
			children = (
				27AA61331A9403D900C715AD /* aiAnim.h */,
				27AA61341A9403D900C715AD /* aiAssert.h */,
				27AA61351A9403D900C715AD /* aiCamera.h */,
				27AA61361A9403D900C715AD /* aiColor4D.h */,
				27AA61371A9403D900C715AD /* aiColor4D.inl */,
				27AA61381A9403D900C715AD /* aiConfig.h */,
				27AA61391A9403D900C715AD /* aiDefines.h */,
				27AA613A1A9403D900C715AD /* aiFileIO.h */,
				27AA613B1A9403D900C715AD /* aiLight.h */,
				27AA613C1A9403D900C715AD /* aiMaterial.h */,
				27AA613D1A9403D900C715AD /* aiMaterial.inl */,
				27AA613E1A9403D900C715AD /* aiMatrix3x3.h */,
				27AA613F1A9403D900C715AD /* aiMatrix3x3.inl */,
				27AA61401A9403D900C715AD /* aiMatrix4x4.h */,
				27AA61411A9403D900C715AD /* aiMatrix4x4.inl */,
				27AA61421A9403D900C715AD /* aiMesh.h */,
				27AA61431A9403D900C715AD /* aiPostProcess.h */,
				27AA61441A9403D900C715AD /* aiQuaternion.h */,
				27AA61451A9403D900C715AD /* aiScene.h */,
				27AA61461A9403D900C715AD /* aiTexture.h */,
				27AA61471A9403D900C715AD /* aiTypes.h */,
				27AA61481A9403D900C715AD /* aiVector2D.h */,
				27AA61491A9403D900C715AD /* aiVector3D.h */,
				27AA614A1A9403D900C715AD /* aiVector3D.inl */,
				27AA614B1A9403D900C715AD /* aiVersion.h */,
				27AA614C1A9403D900C715AD /* assimp.h */,
				27AA614D1A9403D900C715AD /* assimp.hpp */,
				27AA614E1A9403D900C715AD /* Compiler */,
				27AA61511A9403D900C715AD /* DefaultLogger.h */,
				27AA61521A9403D900C715AD /* IOStream.h */,
				27AA61531A9403D900C715AD /* IOSystem.h */,
				27AA61541A9403D900C715AD /* Logger.h */,
				27AA61551A9403D900C715AD /* LogStream.h */,
				27AA61561A9403D900C715AD /* NullLogger.h */,
				27AA61571A9403D900C715AD /* ProgressHandler.h */,
			);
			path = include;
			sourceTree = "<group>";
		};
		27AA614E1A9403D900C715AD /* Compiler */ = {
			isa = PBXGroup;
			children = (
				27AA614F1A9403D900C715AD /* poppack1.h */,
				27AA61501A9403D900C715AD /* pushpack1.h */,
			);
			path = Compiler;
			sourceTree = "<group>";
		};
		27AA61581A9403D900C715AD /* lib */ = {
			isa = PBXGroup;
			children = (
				27AA61641A9403D900C715AD /* osx */,
			);
			path = lib;
			sourceTree = "<group>";
		};
		27AA61641A9403D900C715AD /* osx */ = {
			isa = PBXGroup;
			children = (
				27AA61651A9403D900C715AD /* assimp.a */,
			);
			path = osx;
			sourceTree = "<group>";
		};
		27FC76E61A9BA178005A6002 /* ofxOsc */ = {
			isa = PBXGroup;
			children = (
				27FC76E71A9BA178005A6002 /* src */,
				27FC76F41A9BA178005A6002 /* libs */,
			);
			name = ofxOsc;
			sourceTree = "<group>";
		};
		27FC76E71A9BA178005A6002 /* src */ = {
			isa = PBXGroup;
			children = (
				27FC76E81A9BA178005A6002 /* ofxOsc.h */,
				27FC76E91A9BA178005A6002 /* ofxOscArg.h */,
				27FC76EA1A9BA178005A6002 /* ofxOscBundle.cpp */,
				27FC76EB1A9BA178005A6002 /* ofxOscBundle.h */,
				27FC76EC1A9BA178005A6002 /* ofxOscMessage.cpp */,
				27FC76ED1A9BA178005A6002 /* ofxOscMessage.h */,
				27FC76EE1A9BA178005A6002 /* ofxOscParameterSync.cpp */,
				27FC76EF1A9BA178005A6002 /* ofxOscParameterSync.h */,
				27FC76F01A9BA178005A6002 /* ofxOscReceiver.cpp */,
				27FC76F11A9BA178005A6002 /* ofxOscReceiver.h */,
				27FC76F21A9BA178005A6002 /* ofxOscSender.cpp */,
				27FC76F31A9BA178005A6002 /* ofxOscSender.h */,
			);
			name = src;
			path = ../../../addons/ofxOsc/src;
			sourceTree = "<group>";
		};
		27FC76F41A9BA178005A6002 /* libs */ = {
			isa = PBXGroup;
			children = (
				27FC76F51A9BA178005A6002 /* oscpack */,
			);
			name = libs;
			path = ../../../addons/ofxOsc/libs;
			sourceTree = "<group>";
		};
		27FC76F51A9BA178005A6002 /* oscpack */ = {
			isa = PBXGroup;
			children = (
				27FC76F61A9BA178005A6002 /* src */,
			);
			path = oscpack;
			sourceTree = "<group>";
		};
		27FC76F61A9BA178005A6002 /* src */ = {
			isa = PBXGroup;
			children = (
				27FC76F71A9BA178005A6002 /* ip */,
				27FC77041A9BA178005A6002 /* osc */,
			);
			path = src;
			sourceTree = "<group>";
		};
		27FC76F71A9BA178005A6002 /* ip */ = {
			isa = PBXGroup;
			children = (
				27FC771B1A9BA2E0005A6002 /* posix */,
				27FC76F81A9BA178005A6002 /* IpEndpointName.cpp */,
				27FC76F91A9BA178005A6002 /* IpEndpointName.h */,
				27FC76FA1A9BA178005A6002 /* NetworkingUtils.h */,
				27FC76FB1A9BA178005A6002 /* PacketListener.h */,
				27FC76FF1A9BA178005A6002 /* TimerListener.h */,
				27FC77001A9BA178005A6002 /* UdpSocket.h */,
			);
			path = ip;
			sourceTree = "<group>";
		};
		27FC77041A9BA178005A6002 /* osc */ = {
			isa = PBXGroup;
			children = (
				27FC77051A9BA178005A6002 /* MessageMappingOscPacketListener.h */,
				27FC77061A9BA178005A6002 /* OscException.h */,
				27FC77071A9BA178005A6002 /* OscHostEndianness.h */,
				27FC77081A9BA178005A6002 /* OscOutboundPacketStream.cpp */,
				27FC77091A9BA178005A6002 /* OscOutboundPacketStream.h */,
				27FC770A1A9BA178005A6002 /* OscPacketListener.h */,
				27FC770B1A9BA178005A6002 /* OscPrintReceivedElements.cpp */,
				27FC770C1A9BA178005A6002 /* OscPrintReceivedElements.h */,
				27FC770D1A9BA178005A6002 /* OscReceivedElements.cpp */,
				27FC770E1A9BA178005A6002 /* OscReceivedElements.h */,
				27FC770F1A9BA178005A6002 /* OscTypes.cpp */,
				27FC77101A9BA178005A6002 /* OscTypes.h */,
			);
			path = osc;
			sourceTree = "<group>";
		};
		27FC771B1A9BA2E0005A6002 /* posix */ = {
			isa = PBXGroup;
			children = (
				27FC771C1A9BA2E0005A6002 /* NetworkingUtils.cpp */,
				27FC771D1A9BA2E0005A6002 /* UdpSocket.cpp */,
			);
			path = posix;
			sourceTree = "<group>";
		};
		BB4B014C10F69532006C3DED /* addons */ = {
			isa = PBXGroup;
			children = (
				276FDFF51AAF9F1000FD3F2A /* ofxGui */,
				276FDFEE1AAF9D5F00FD3F2A /* ofxConnexion */,
				27FC76E61A9BA178005A6002 /* ofxOsc */,
				27AA61251A9403D900C715AD /* ofxAssimpModelLoader */,
			);
			name = addons;
			sourceTree = "<group>";
		};
		BBAB23C913894ECA00AA2426 /* system frameworks */ = {
			isa = PBXGroup;
			children = (
				6474CBF019BCE00B003C94E2 /* AVFoundation.framework */,
				6474CBF119BCE00B003C94E2 /* CoreMedia.framework */,
				6474CBF219BCE00B003C94E2 /* QuartzCore.framework */,
				E7F985F515E0DE99003869B5 /* Accelerate.framework */,
				E4C2424410CC5A17004149E2 /* AppKit.framework */,
				E4C2424510CC5A17004149E2 /* Cocoa.framework */,
				E4C2424610CC5A17004149E2 /* IOKit.framework */,
				E45BE9710E8CC7DD009D7055 /* AGL.framework */,
				E45BE9720E8CC7DD009D7055 /* ApplicationServices.framework */,
				E45BE9730E8CC7DD009D7055 /* AudioToolbox.framework */,
				E45BE9750E8CC7DD009D7055 /* CoreAudio.framework */,
				E45BE9760E8CC7DD009D7055 /* CoreFoundation.framework */,
				E45BE9770E8CC7DD009D7055 /* CoreServices.framework */,
				E45BE9790E8CC7DD009D7055 /* OpenGL.framework */,
				E45BE97A0E8CC7DD009D7055 /* QuickTime.framework */,
				E7E077E415D3B63C0020DFD4 /* CoreVideo.framework */,
				E7E077E715D3B6510020DFD4 /* QTKit.framework */,
			);
			name = "system frameworks";
			sourceTree = "<group>";
		};
		BBAB23CA13894EDB00AA2426 /* 3rd party frameworks */ = {
			isa = PBXGroup;
			children = (
				BBAB23BE13894E4700AA2426 /* GLUT.framework */,
			);
			name = "3rd party frameworks";
			sourceTree = "<group>";
		};
		E4328144138ABC890047C5CB /* Products */ = {
			isa = PBXGroup;
			children = (
				E4328148138ABC890047C5CB /* openFrameworksDebug.a */,
			);
			name = Products;
			sourceTree = "<group>";
		};
		E45BE5980E8CC70C009D7055 /* frameworks */ = {
			isa = PBXGroup;
			children = (
				BBAB23CA13894EDB00AA2426 /* 3rd party frameworks */,
				BBAB23C913894ECA00AA2426 /* system frameworks */,
			);
			name = frameworks;
			sourceTree = "<group>";
		};
		E4B69B4A0A3A1720003C02F2 = {
			isa = PBXGroup;
			children = (
				E4B6FCAD0C3E899E008CF71C /* openFrameworks-Info.plist */,
				E4EB6923138AFD0F00A09F29 /* Project.xcconfig */,
				E4B69E1C0A3A1BDC003C02F2 /* src */,
				E4EEC9E9138DF44700A80321 /* openFrameworks */,
				BB4B014C10F69532006C3DED /* addons */,
				E45BE5980E8CC70C009D7055 /* frameworks */,
				E4B69B5B0A3A1756003C02F2 /* HighsightSimulationDebug.app */,
			);
			sourceTree = "<group>";
		};
		E4B69E1C0A3A1BDC003C02F2 /* src */ = {
			isa = PBXGroup;
			children = (
				279144051AB9EE4000346B8B /* config.xml */,
				E4B69E1D0A3A1BDC003C02F2 /* main.cpp */,
				2759AAC81ABC436200DC691C /* Motor.h */,
			);
			path = src;
			sourceTree = SOURCE_ROOT;
		};
		E4EEC9E9138DF44700A80321 /* openFrameworks */ = {
			isa = PBXGroup;
			children = (
				E4EB691F138AFCF100A09F29 /* CoreOF.xcconfig */,
				E4328143138ABC890047C5CB /* openFrameworksLib.xcodeproj */,
			);
			name = openFrameworks;
			sourceTree = "<group>";
		};
/* End PBXGroup section */

/* Begin PBXNativeTarget section */
		E4B69B5A0A3A1756003C02F2 /* HighsightSimulation */ = {
			isa = PBXNativeTarget;
			buildConfigurationList = E4B69B5F0A3A1757003C02F2 /* Build configuration list for PBXNativeTarget "HighsightSimulation" */;
			buildPhases = (
				E4B69B580A3A1756003C02F2 /* Sources */,
				E4B69B590A3A1756003C02F2 /* Frameworks */,
				E4B6FFFD0C3F9AB9008CF71C /* ShellScript */,
				E4C2427710CC5ABF004149E2 /* CopyFiles */,
			);
			buildRules = (
			);
			dependencies = (
				E4EEB9AC138B136A00A80321 /* PBXTargetDependency */,
			);
			name = HighsightSimulation;
			productName = myOFApp;
			productReference = E4B69B5B0A3A1756003C02F2 /* HighsightSimulationDebug.app */;
			productType = "com.apple.product-type.application";
		};
/* End PBXNativeTarget section */

/* Begin PBXProject section */
		E4B69B4C0A3A1720003C02F2 /* Project object */ = {
			isa = PBXProject;
			attributes = {
				LastUpgradeCheck = 0460;
			};
			buildConfigurationList = E4B69B4D0A3A1720003C02F2 /* Build configuration list for PBXProject "HighsightSimulation" */;
			compatibilityVersion = "Xcode 3.2";
			developmentRegion = English;
			hasScannedForEncodings = 0;
			knownRegions = (
				English,
				Japanese,
				French,
				German,
			);
			mainGroup = E4B69B4A0A3A1720003C02F2;
			productRefGroup = E4B69B4A0A3A1720003C02F2;
			projectDirPath = "";
			projectReferences = (
				{
					ProductGroup = E4328144138ABC890047C5CB /* Products */;
					ProjectRef = E4328143138ABC890047C5CB /* openFrameworksLib.xcodeproj */;
				},
			);
			projectRoot = "";
			targets = (
				E4B69B5A0A3A1756003C02F2 /* HighsightSimulation */,
			);
		};
/* End PBXProject section */

/* Begin PBXReferenceProxy section */
		E4328148138ABC890047C5CB /* openFrameworksDebug.a */ = {
			isa = PBXReferenceProxy;
			fileType = archive.ar;
			path = openFrameworksDebug.a;
			remoteRef = E4328147138ABC890047C5CB /* PBXContainerItemProxy */;
			sourceTree = BUILT_PRODUCTS_DIR;
		};
/* End PBXReferenceProxy section */

/* Begin PBXShellScriptBuildPhase section */
		E4B6FFFD0C3F9AB9008CF71C /* ShellScript */ = {
			isa = PBXShellScriptBuildPhase;
			buildActionMask = 2147483647;
			files = (
			);
			inputPaths = (
			);
			outputPaths = (
			);
			runOnlyForDeploymentPostprocessing = 0;
			shellPath = /bin/sh;
			shellScript = "cp -f ../../../libs/fmodex/lib/osx/libfmodex.dylib \"$TARGET_BUILD_DIR/$PRODUCT_NAME.app/Contents/MacOS/libfmodex.dylib\"; install_name_tool -change ./libfmodex.dylib @executable_path/libfmodex.dylib \"$TARGET_BUILD_DIR/$PRODUCT_NAME.app/Contents/MacOS/$PRODUCT_NAME\";\nmkdir -p \"$TARGET_BUILD_DIR/$PRODUCT_NAME.app/Contents/Resources/\"\ncp -f \"$ICON_FILE\" \"$TARGET_BUILD_DIR/$PRODUCT_NAME.app/Contents/Resources/\"\n";
		};
/* End PBXShellScriptBuildPhase section */

/* Begin PBXSourcesBuildPhase section */
		E4B69B580A3A1756003C02F2 /* Sources */ = {
			isa = PBXSourcesBuildPhase;
			buildActionMask = 2147483647;
			files = (
				27FC77131A9BA178005A6002 /* ofxOscParameterSync.cpp in Sources */,
				276FE00C1AAF9F1000FD3F2A /* ofxPanel.cpp in Sources */,
				276FE0081AAF9F1000FD3F2A /* ofxBaseGui.cpp in Sources */,
				E4B69E200A3A1BDC003C02F2 /* main.cpp in Sources */,
				27AA616B1A9403D900C715AD /* ofxAssimpMeshHelper.cpp in Sources */,
				27AA616A1A9403D900C715AD /* ofxAssimpAnimation.cpp in Sources */,
				27FC77141A9BA178005A6002 /* ofxOscReceiver.cpp in Sources */,
				27FC77121A9BA178005A6002 /* ofxOscMessage.cpp in Sources */,
				27FC77151A9BA178005A6002 /* ofxOscSender.cpp in Sources */,
				276FE00B1AAF9F1000FD3F2A /* ofxLabel.cpp in Sources */,
				27FC77181A9BA178005A6002 /* OscPrintReceivedElements.cpp in Sources */,
				276FE00F1AAF9F1000FD3F2A /* ofxToggle.cpp in Sources */,
				27FC77111A9BA178005A6002 /* ofxOscBundle.cpp in Sources */,
				276FE00A1AAF9F1000FD3F2A /* ofxGuiGroup.cpp in Sources */,
				27AA616C1A9403D900C715AD /* ofxAssimpModelLoader.cpp in Sources */,
				27FC77171A9BA178005A6002 /* OscOutboundPacketStream.cpp in Sources */,
				276FE00E1AAF9F1000FD3F2A /* ofxSliderGroup.cpp in Sources */,
				27FC77191A9BA178005A6002 /* OscReceivedElements.cpp in Sources */,
				27FC771A1A9BA178005A6002 /* OscTypes.cpp in Sources */,
				276FDFF21AAF9D5F00FD3F2A /* ofxConnexion.cpp in Sources */,
				27FC771F1A9BA2E0005A6002 /* UdpSocket.cpp in Sources */,
				27FC771E1A9BA2E0005A6002 /* NetworkingUtils.cpp in Sources */,
				27FC77161A9BA178005A6002 /* IpEndpointName.cpp in Sources */,
				27AA616D1A9403D900C715AD /* ofxAssimpTexture.cpp in Sources */,
				276FE00D1AAF9F1000FD3F2A /* ofxSlider.cpp in Sources */,
				276FE0091AAF9F1000FD3F2A /* ofxButton.cpp in Sources */,
			);
			runOnlyForDeploymentPostprocessing = 0;
		};
/* End PBXSourcesBuildPhase section */

/* Begin PBXTargetDependency section */
		E4EEB9AC138B136A00A80321 /* PBXTargetDependency */ = {
			isa = PBXTargetDependency;
			name = openFrameworks;
			targetProxy = E4EEB9AB138B136A00A80321 /* PBXContainerItemProxy */;
		};
/* End PBXTargetDependency section */

/* Begin XCBuildConfiguration section */
		E4B69B4E0A3A1720003C02F2 /* Debug */ = {
			isa = XCBuildConfiguration;
			baseConfigurationReference = E4EB6923138AFD0F00A09F29 /* Project.xcconfig */;
			buildSettings = {
				ARCHS = "$(NATIVE_ARCH)";
				CONFIGURATION_BUILD_DIR = "$(SRCROOT)/bin/";
				COPY_PHASE_STRIP = NO;
				DEAD_CODE_STRIPPING = YES;
				GCC_AUTO_VECTORIZATION = YES;
				GCC_ENABLE_SSE3_EXTENSIONS = YES;
				GCC_ENABLE_SUPPLEMENTAL_SSE3_INSTRUCTIONS = YES;
				GCC_INLINES_ARE_PRIVATE_EXTERN = NO;
				GCC_OPTIMIZATION_LEVEL = 0;
				GCC_SYMBOLS_PRIVATE_EXTERN = NO;
				GCC_WARN_ABOUT_DEPRECATED_FUNCTIONS = YES;
				GCC_WARN_ABOUT_INVALID_OFFSETOF_MACRO = NO;
				GCC_WARN_ALLOW_INCOMPLETE_PROTOCOL = NO;
				GCC_WARN_UNINITIALIZED_AUTOS = NO;
				GCC_WARN_UNUSED_VALUE = NO;
				GCC_WARN_UNUSED_VARIABLE = NO;
				MACOSX_DEPLOYMENT_TARGET = 10.6;
				OTHER_CPLUSPLUSFLAGS = (
					"-D__MACOSX_CORE__",
					"-lpthread",
					"-mtune=native",
				);
				SDKROOT = macosx;
			};
			name = Debug;
		};
		E4B69B4F0A3A1720003C02F2 /* Release */ = {
			isa = XCBuildConfiguration;
			baseConfigurationReference = E4EB6923138AFD0F00A09F29 /* Project.xcconfig */;
			buildSettings = {
				ARCHS = "$(NATIVE_ARCH)";
				CONFIGURATION_BUILD_DIR = "$(SRCROOT)/bin/";
				COPY_PHASE_STRIP = YES;
				DEAD_CODE_STRIPPING = YES;
				GCC_AUTO_VECTORIZATION = YES;
				GCC_ENABLE_SSE3_EXTENSIONS = YES;
				GCC_ENABLE_SUPPLEMENTAL_SSE3_INSTRUCTIONS = YES;
				GCC_INLINES_ARE_PRIVATE_EXTERN = NO;
				GCC_OPTIMIZATION_LEVEL = 3;
				GCC_SYMBOLS_PRIVATE_EXTERN = NO;
				GCC_UNROLL_LOOPS = YES;
				GCC_WARN_ABOUT_DEPRECATED_FUNCTIONS = YES;
				GCC_WARN_ABOUT_INVALID_OFFSETOF_MACRO = NO;
				GCC_WARN_ALLOW_INCOMPLETE_PROTOCOL = NO;
				GCC_WARN_UNINITIALIZED_AUTOS = NO;
				GCC_WARN_UNUSED_VALUE = NO;
				GCC_WARN_UNUSED_VARIABLE = NO;
				MACOSX_DEPLOYMENT_TARGET = 10.6;
				OTHER_CPLUSPLUSFLAGS = (
					"-D__MACOSX_CORE__",
					"-lpthread",
					"-mtune=native",
				);
				SDKROOT = macosx;
			};
			name = Release;
		};
		E4B69B600A3A1757003C02F2 /* Debug */ = {
			isa = XCBuildConfiguration;
			buildSettings = {
				ARCHS = "$(ARCHS_STANDARD_32_BIT)";
				COMBINE_HIDPI_IMAGES = YES;
				COPY_PHASE_STRIP = NO;
				FRAMEWORK_SEARCH_PATHS = (
					"$(inherited)",
					"$(FRAMEWORK_SEARCH_PATHS_QUOTED_FOR_TARGET_1)",
					"$(LOCAL_LIBRARY_DIR)/Frameworks",
				);
				FRAMEWORK_SEARCH_PATHS_QUOTED_FOR_TARGET_1 = "\"$(SRCROOT)/../../../libs/glut/lib/osx\"";
				GCC_DYNAMIC_NO_PIC = NO;
				GCC_GENERATE_DEBUGGING_SYMBOLS = YES;
				GCC_MODEL_TUNING = NONE;
				ICON = "$(ICON_NAME_DEBUG)";
				ICON_FILE = "$(ICON_FILE_PATH)$(ICON)";
				INFOPLIST_FILE = "openFrameworks-Info.plist";
				INSTALL_PATH = "$(HOME)/Applications";
				LIBRARY_SEARCH_PATHS = (
					"$(inherited)",
					/Users/kyle/Documents/openFrameworks/addons/ofxOpenCv/libs/opencv/lib/osx,
					/Users/kyle/Documents/openFrameworks/addons/ofxAssimpModelLoader/libs/assimp/lib/osx,
				);
				ONLY_ACTIVE_ARCH = NO;
				PRODUCT_NAME = HighsightSimulationDebug;
				USER_HEADER_SEARCH_PATHS = "../../../addons/ofxCv/libs/ofxCv/include/ ../../../addons/ofxOpenCv/libs/opencv/include/ ../../../addons/ofxCv/libs/CLD/include/ ../../../addons/ofxAssimpModelLoader/libs/assimp/include/ ../../../addons/ofxOsc/libs/oscpack/src/";
				WRAPPER_EXTENSION = app;
			};
			name = Debug;
		};
		E4B69B610A3A1757003C02F2 /* Release */ = {
			isa = XCBuildConfiguration;
			buildSettings = {
				ARCHS = "$(ARCHS_STANDARD_32_BIT)";
				COMBINE_HIDPI_IMAGES = YES;
				COPY_PHASE_STRIP = YES;
				FRAMEWORK_SEARCH_PATHS = (
					"$(inherited)",
					"$(FRAMEWORK_SEARCH_PATHS_QUOTED_FOR_TARGET_1)",
					"$(LOCAL_LIBRARY_DIR)/Frameworks",
				);
				FRAMEWORK_SEARCH_PATHS_QUOTED_FOR_TARGET_1 = "\"$(SRCROOT)/../../../libs/glut/lib/osx\"";
				GCC_GENERATE_DEBUGGING_SYMBOLS = YES;
				GCC_MODEL_TUNING = NONE;
				ICON = "$(ICON_NAME_RELEASE)";
				ICON_FILE = "$(ICON_FILE_PATH)$(ICON)";
				INFOPLIST_FILE = "openFrameworks-Info.plist";
				INSTALL_PATH = "$(HOME)/Applications";
				LIBRARY_SEARCH_PATHS = (
					"$(inherited)",
					/Users/kyle/Documents/openFrameworks/addons/ofxOpenCv/libs/opencv/lib/osx,
					/Users/kyle/Documents/openFrameworks/addons/ofxAssimpModelLoader/libs/assimp/lib/osx,
				);
				ONLY_ACTIVE_ARCH = NO;
				PRODUCT_NAME = HighsightSimulation;
				USER_HEADER_SEARCH_PATHS = "../../../addons/ofxCv/libs/ofxCv/include/ ../../../addons/ofxOpenCv/libs/opencv/include/ ../../../addons/ofxCv/libs/CLD/include/ ../../../addons/ofxAssimpModelLoader/libs/assimp/include/ ../../../addons/ofxOsc/libs/oscpack/src/";
				WRAPPER_EXTENSION = app;
			};
			name = Release;
		};
/* End XCBuildConfiguration section */

/* Begin XCConfigurationList section */
		E4B69B4D0A3A1720003C02F2 /* Build configuration list for PBXProject "HighsightSimulation" */ = {
			isa = XCConfigurationList;
			buildConfigurations = (
				E4B69B4E0A3A1720003C02F2 /* Debug */,
				E4B69B4F0A3A1720003C02F2 /* Release */,
			);
			defaultConfigurationIsVisible = 0;
			defaultConfigurationName = Release;
		};
		E4B69B5F0A3A1757003C02F2 /* Build configuration list for PBXNativeTarget "HighsightSimulation" */ = {
			isa = XCConfigurationList;
			buildConfigurations = (
				E4B69B600A3A1757003C02F2 /* Debug */,
				E4B69B610A3A1757003C02F2 /* Release */,
			);
			defaultConfigurationIsVisible = 0;
			defaultConfigurationName = Release;
		};
/* End XCConfigurationList section */
	};
	rootObject = E4B69B4C0A3A1720003C02F2 /* Project object */;
}
